
Microsoft Visual Studio Solution File, Format Version 12.00
# Visual Studio Version 17
VisualStudioVersion = 17.5.002.0
MinimumVisualStudioVersion = 10.0.40219.1
Project("{9A19103F-16F7-4668-BE54-9A1E7A4F7556}") = "SportsStore.Tests", "SportsStore.Tests.csproj", "{853760B3-CB77-406C-B64F-62FA85B73FCA}"
EndProject
Global
	GlobalSection(SolutionConfigurationPlatforms) = preSolution
		Debug|Any CPU = Debug|Any CPU
		Release|Any CPU = Release|Any CPU
	EndGlobalSection
	GlobalSection(ProjectConfigurationPlatforms) = postSolution
		{853760B3-CB77-406C-B64F-62FA85B73FCA}.Debug|Any CPU.ActiveCfg = Debug|Any CPU
		{853760B3-CB77-406C-B64F-62FA85B73FCA}.Debug|Any CPU.Build.0 = Debug|Any CPU
		{853760B3-CB77-406C-B64F-62FA85B73FCA}.Release|Any CPU.ActiveCfg = Release|Any CPU
		{853760B3-CB77-406C-B64F-62FA85B73FCA}.Release|Any CPU.Build.0 = Release|Any CPU
	EndGlobalSection
	GlobalSection(SolutionProperties) = preSolution
		HideSolutionNode = FALSE
	EndGlobalSection
	GlobalSection(ExtensibilityGlobals) = postSolution
		SolutionGuid = {89723E35-99A0-4F4E-82C5-A85AD0BCFD6A}
	EndGlobalSection
EndGlobal
